// !$*UTF8*$!
{
	archiveVersion = 1;
	classes = {
	};
	objectVersion = 56;
	objects = {

/* Begin PBXBuildFile section */
		522DE2A529A3E5CC0019C458 /* AppDelegate.swift in Sources */ = {isa = PBXBuildFile; fileRef = 522DE2A429A3E5CC0019C458 /* AppDelegate.swift */; };
		522DE2A929A3E5CC0019C458 /* LoginViewController.swift in Sources */ = {isa = PBXBuildFile; fileRef = 522DE2A829A3E5CC0019C458 /* LoginViewController.swift */; };
		522DE2AE29A3E5CD0019C458 /* Assets.xcassets in Resources */ = {isa = PBXBuildFile; fileRef = 522DE2AD29A3E5CD0019C458 /* Assets.xcassets */; };
		522DE2B129A3E5CD0019C458 /* LaunchScreen.storyboard in Resources */ = {isa = PBXBuildFile; fileRef = 522DE2AF29A3E5CD0019C458 /* LaunchScreen.storyboard */; };
		522DE2BE29A3EAB50019C458 /* LoginView.swift in Sources */ = {isa = PBXBuildFile; fileRef = 522DE2BD29A3EAB50019C458 /* LoginView.swift */; };
		522DE2C129A404C40019C458 /* OnboardingContainerViewController.swift in Sources */ = {isa = PBXBuildFile; fileRef = 522DE2C029A404C40019C458 /* OnboardingContainerViewController.swift */; };
		522DE2C329A40CB90019C458 /* OnboardingViewController.swift in Sources */ = {isa = PBXBuildFile; fileRef = 522DE2C229A40CB90019C458 /* OnboardingViewController.swift */; };
		522DE2C629A41C9F0019C458 /* DummyViewController.swift in Sources */ = {isa = PBXBuildFile; fileRef = 522DE2C529A41C9F0019C458 /* DummyViewController.swift */; };
		522DE2C829A4217A0019C458 /* LocalState.swift in Sources */ = {isa = PBXBuildFile; fileRef = 522DE2C729A4217A0019C458 /* LocalState.swift */; };
		522DE2CB29A425FE0019C458 /* UIViewController+Utils.swift in Sources */ = {isa = PBXBuildFile; fileRef = 522DE2CA29A425FE0019C458 /* UIViewController+Utils.swift */; };
		522DE2CD29A426DC0019C458 /* MainViewController.swift in Sources */ = {isa = PBXBuildFile; fileRef = 522DE2CC29A426DC0019C458 /* MainViewController.swift */; };
		522DE2D029A4ED2E0019C458 /* AccountSummaryViewController.swift in Sources */ = {isa = PBXBuildFile; fileRef = 522DE2CF29A4ED2E0019C458 /* AccountSummaryViewController.swift */; };
		522DE2D229A4EE970019C458 /* AccountSummaryHeaderView.swift in Sources */ = {isa = PBXBuildFile; fileRef = 522DE2D129A4EE970019C458 /* AccountSummaryHeaderView.swift */; };
		522DE2D429A4EEB20019C458 /* AccountSummaryHeaderView.xib in Resources */ = {isa = PBXBuildFile; fileRef = 522DE2D329A4EEB20019C458 /* AccountSummaryHeaderView.xib */; };
		525D982A29A8AE7000BADF81 /* ShakeBellView.swift in Sources */ = {isa = PBXBuildFile; fileRef = 525D982929A8AE7000BADF81 /* ShakeBellView.swift */; };
		5262FB7129AA2963001ADE5E /* Date+Utils.swift in Sources */ = {isa = PBXBuildFile; fileRef = 5262FB7029AA2963001ADE5E /* Date+Utils.swift */; };
		5262FB7329AA2A33001ADE5E /* AccountSummaryViewController+Networking.swift in Sources */ = {isa = PBXBuildFile; fileRef = 5262FB7229AA2A33001ADE5E /* AccountSummaryViewController+Networking.swift */; };
		52BD4FC129A4FA5100A8265A /* AccountSummaryCell.swift in Sources */ = {isa = PBXBuildFile; fileRef = 52BD4FC029A4FA5100A8265A /* AccountSummaryCell.swift */; };
		52BD4FC329A5124600A8265A /* Decimal+Utils.swift in Sources */ = {isa = PBXBuildFile; fileRef = 52BD4FC229A5124600A8265A /* Decimal+Utils.swift */; };
		52BD4FC529A5126600A8265A /* CurrencyFormatter.swift in Sources */ = {isa = PBXBuildFile; fileRef = 52BD4FC429A5126600A8265A /* CurrencyFormatter.swift */; };
		52BD4FD429A519B400A8265A /* CurrencyFormatterTests.swift in Sources */ = {isa = PBXBuildFile; fileRef = 52BD4FD329A519B400A8265A /* CurrencyFormatterTests.swift */; };
		52C224F129A53904005E08F7 /* NSNotificationName.swift in Sources */ = {isa = PBXBuildFile; fileRef = 52C224F029A53904005E08F7 /* NSNotificationName.swift */; };
		52C224F329A53C16005E08F7 /* UITextField+SecureToggle.swift in Sources */ = {isa = PBXBuildFile; fileRef = 52C224F229A53C16005E08F7 /* UITextField+SecureToggle.swift */; };
/* End PBXBuildFile section */

/* Begin PBXContainerItemProxy section */
		52BD4FCE29A518E500A8265A /* PBXContainerItemProxy */ = {
			isa = PBXContainerItemProxy;
			containerPortal = 522DE29929A3E5CC0019C458 /* Project object */;
			proxyType = 1;
			remoteGlobalIDString = 522DE2A029A3E5CC0019C458;
			remoteInfo = Bankey;
		};
/* End PBXContainerItemProxy section */

/* Begin PBXFileReference section */
		522DE2A129A3E5CC0019C458 /* Bankey.app */ = {isa = PBXFileReference; explicitFileType = wrapper.application; includeInIndex = 0; path = Bankey.app; sourceTree = BUILT_PRODUCTS_DIR; };
		522DE2A429A3E5CC0019C458 /* AppDelegate.swift */ = {isa = PBXFileReference; lastKnownFileType = sourcecode.swift; path = AppDelegate.swift; sourceTree = "<group>"; };
		522DE2A829A3E5CC0019C458 /* LoginViewController.swift */ = {isa = PBXFileReference; lastKnownFileType = sourcecode.swift; path = LoginViewController.swift; sourceTree = "<group>"; };
		522DE2AD29A3E5CD0019C458 /* Assets.xcassets */ = {isa = PBXFileReference; lastKnownFileType = folder.assetcatalog; path = Assets.xcassets; sourceTree = "<group>"; };
		522DE2B029A3E5CD0019C458 /* Base */ = {isa = PBXFileReference; lastKnownFileType = file.storyboard; name = Base; path = Base.lproj/LaunchScreen.storyboard; sourceTree = "<group>"; };
		522DE2B229A3E5CD0019C458 /* Info.plist */ = {isa = PBXFileReference; lastKnownFileType = text.plist.xml; path = Info.plist; sourceTree = "<group>"; };
		522DE2BD29A3EAB50019C458 /* LoginView.swift */ = {isa = PBXFileReference; lastKnownFileType = sourcecode.swift; path = LoginView.swift; sourceTree = "<group>"; };
		522DE2C029A404C40019C458 /* OnboardingContainerViewController.swift */ = {isa = PBXFileReference; lastKnownFileType = sourcecode.swift; path = OnboardingContainerViewController.swift; sourceTree = "<group>"; };
		522DE2C229A40CB90019C458 /* OnboardingViewController.swift */ = {isa = PBXFileReference; lastKnownFileType = sourcecode.swift; path = OnboardingViewController.swift; sourceTree = "<group>"; };
		522DE2C529A41C9F0019C458 /* DummyViewController.swift */ = {isa = PBXFileReference; lastKnownFileType = sourcecode.swift; path = DummyViewController.swift; sourceTree = "<group>"; };
		522DE2C729A4217A0019C458 /* LocalState.swift */ = {isa = PBXFileReference; lastKnownFileType = sourcecode.swift; path = LocalState.swift; sourceTree = "<group>"; };
		522DE2CA29A425FE0019C458 /* UIViewController+Utils.swift */ = {isa = PBXFileReference; lastKnownFileType = sourcecode.swift; path = "UIViewController+Utils.swift"; sourceTree = "<group>"; };
		522DE2CC29A426DC0019C458 /* MainViewController.swift */ = {isa = PBXFileReference; lastKnownFileType = sourcecode.swift; path = MainViewController.swift; sourceTree = "<group>"; };
		522DE2CF29A4ED2E0019C458 /* AccountSummaryViewController.swift */ = {isa = PBXFileReference; lastKnownFileType = sourcecode.swift; path = AccountSummaryViewController.swift; sourceTree = "<group>"; };
		522DE2D129A4EE970019C458 /* AccountSummaryHeaderView.swift */ = {isa = PBXFileReference; lastKnownFileType = sourcecode.swift; path = AccountSummaryHeaderView.swift; sourceTree = "<group>"; };
		522DE2D329A4EEB20019C458 /* AccountSummaryHeaderView.xib */ = {isa = PBXFileReference; lastKnownFileType = file.xib; path = AccountSummaryHeaderView.xib; sourceTree = "<group>"; };
		525D982929A8AE7000BADF81 /* ShakeBellView.swift */ = {isa = PBXFileReference; lastKnownFileType = sourcecode.swift; path = ShakeBellView.swift; sourceTree = "<group>"; };
		5262FB7029AA2963001ADE5E /* Date+Utils.swift */ = {isa = PBXFileReference; lastKnownFileType = sourcecode.swift; path = "Date+Utils.swift"; sourceTree = "<group>"; };
		5262FB7229AA2A33001ADE5E /* AccountSummaryViewController+Networking.swift */ = {isa = PBXFileReference; lastKnownFileType = sourcecode.swift; path = "AccountSummaryViewController+Networking.swift"; sourceTree = "<group>"; };
		52BD4FC029A4FA5100A8265A /* AccountSummaryCell.swift */ = {isa = PBXFileReference; lastKnownFileType = sourcecode.swift; path = AccountSummaryCell.swift; sourceTree = "<group>"; };
		52BD4FC229A5124600A8265A /* Decimal+Utils.swift */ = {isa = PBXFileReference; lastKnownFileType = sourcecode.swift; path = "Decimal+Utils.swift"; sourceTree = "<group>"; };
		52BD4FC429A5126600A8265A /* CurrencyFormatter.swift */ = {isa = PBXFileReference; lastKnownFileType = sourcecode.swift; path = CurrencyFormatter.swift; sourceTree = "<group>"; };
		52BD4FCA29A518E500A8265A /* BankeyUnitTests.xctest */ = {isa = PBXFileReference; explicitFileType = wrapper.cfbundle; includeInIndex = 0; path = BankeyUnitTests.xctest; sourceTree = BUILT_PRODUCTS_DIR; };
		52BD4FD329A519B400A8265A /* CurrencyFormatterTests.swift */ = {isa = PBXFileReference; lastKnownFileType = sourcecode.swift; path = CurrencyFormatterTests.swift; sourceTree = "<group>"; };
		52C224F029A53904005E08F7 /* NSNotificationName.swift */ = {isa = PBXFileReference; lastKnownFileType = sourcecode.swift; path = NSNotificationName.swift; sourceTree = "<group>"; };
		52C224F229A53C16005E08F7 /* UITextField+SecureToggle.swift */ = {isa = PBXFileReference; lastKnownFileType = sourcecode.swift; path = "UITextField+SecureToggle.swift"; sourceTree = "<group>"; };
/* End PBXFileReference section */

/* Begin PBXFrameworksBuildPhase section */
		522DE29E29A3E5CC0019C458 /* Frameworks */ = {
			isa = PBXFrameworksBuildPhase;
			buildActionMask = 2147483647;
			files = (
			);
			runOnlyForDeploymentPostprocessing = 0;
		};
		52BD4FC729A518E500A8265A /* Frameworks */ = {
			isa = PBXFrameworksBuildPhase;
			buildActionMask = 2147483647;
			files = (
			);
			runOnlyForDeploymentPostprocessing = 0;
		};
/* End PBXFrameworksBuildPhase section */

/* Begin PBXGroup section */
		522DE29829A3E5CC0019C458 = {
			isa = PBXGroup;
			children = (
				522DE2A329A3E5CC0019C458 /* Bankey */,
				52BD4FCB29A518E500A8265A /* BankeyUnitTests */,
				522DE2A229A3E5CC0019C458 /* Products */,
			);
			sourceTree = "<group>";
		};
		522DE2A229A3E5CC0019C458 /* Products */ = {
			isa = PBXGroup;
			children = (
				522DE2A129A3E5CC0019C458 /* Bankey.app */,
				52BD4FCA29A518E500A8265A /* BankeyUnitTests.xctest */,
			);
			name = Products;
			sourceTree = "<group>";
		};
		522DE2A329A3E5CC0019C458 /* Bankey */ = {
			isa = PBXGroup;
			children = (
				522DE2A429A3E5CC0019C458 /* AppDelegate.swift */,
				522DE2CC29A426DC0019C458 /* MainViewController.swift */,
				525D982829A8AE6500BADF81 /* Components */,
				522DE2BC29A3EA990019C458 /* Login */,
				522DE2BF29A404920019C458 /* Onboarding */,
				522DE2CE29A4ED160019C458 /* AccountSummary */,
				522DE2C929A421F00019C458 /* Utils */,
				522DE2BB29A3EA8B0019C458 /* Files */,
			);
			path = Bankey;
			sourceTree = "<group>";
		};
		522DE2BB29A3EA8B0019C458 /* Files */ = {
			isa = PBXGroup;
			children = (
				522DE2AD29A3E5CD0019C458 /* Assets.xcassets */,
				522DE2AF29A3E5CD0019C458 /* LaunchScreen.storyboard */,
				522DE2B229A3E5CD0019C458 /* Info.plist */,
			);
			name = Files;
			sourceTree = "<group>";
		};
		522DE2BC29A3EA990019C458 /* Login */ = {
			isa = PBXGroup;
			children = (
				522DE2A829A3E5CC0019C458 /* LoginViewController.swift */,
				522DE2BD29A3EAB50019C458 /* LoginView.swift */,
				522DE2C529A41C9F0019C458 /* DummyViewController.swift */,
			);
			path = Login;
			sourceTree = "<group>";
		};
		522DE2BF29A404920019C458 /* Onboarding */ = {
			isa = PBXGroup;
			children = (
				522DE2C029A404C40019C458 /* OnboardingContainerViewController.swift */,
				522DE2C229A40CB90019C458 /* OnboardingViewController.swift */,
			);
			path = Onboarding;
			sourceTree = "<group>";
		};
		522DE2C929A421F00019C458 /* Utils */ = {
			isa = PBXGroup;
			children = (
				522DE2CA29A425FE0019C458 /* UIViewController+Utils.swift */,
				52BD4FC229A5124600A8265A /* Decimal+Utils.swift */,
				52C224F229A53C16005E08F7 /* UITextField+SecureToggle.swift */,
				522DE2C729A4217A0019C458 /* LocalState.swift */,
				52BD4FC429A5126600A8265A /* CurrencyFormatter.swift */,
				52C224F029A53904005E08F7 /* NSNotificationName.swift */,
				5262FB7029AA2963001ADE5E /* Date+Utils.swift */,
			);
			path = Utils;
			sourceTree = "<group>";
		};
		522DE2CE29A4ED160019C458 /* AccountSummary */ = {
			isa = PBXGroup;
			children = (
				522DE2CF29A4ED2E0019C458 /* AccountSummaryViewController.swift */,
				5262FB7229AA2A33001ADE5E /* AccountSummaryViewController+Networking.swift */,
				52BD4FBE29A4FA2300A8265A /* Header */,
				52BD4FBF29A4FA3500A8265A /* Cells */,
			);
			path = AccountSummary;
			sourceTree = "<group>";
		};
		525D982829A8AE6500BADF81 /* Components */ = {
			isa = PBXGroup;
			children = (
				525D982929A8AE7000BADF81 /* ShakeBellView.swift */,
			);
			path = Components;
			sourceTree = "<group>";
		};
		52BD4FBE29A4FA2300A8265A /* Header */ = {
			isa = PBXGroup;
			children = (
				522DE2D129A4EE970019C458 /* AccountSummaryHeaderView.swift */,
				522DE2D329A4EEB20019C458 /* AccountSummaryHeaderView.xib */,
			);
			path = Header;
			sourceTree = "<group>";
		};
		52BD4FBF29A4FA3500A8265A /* Cells */ = {
			isa = PBXGroup;
			children = (
				52BD4FC029A4FA5100A8265A /* AccountSummaryCell.swift */,
			);
			path = Cells;
			sourceTree = "<group>";
		};
		52BD4FCB29A518E500A8265A /* BankeyUnitTests */ = {
			isa = PBXGroup;
			children = (
				52BD4FD329A519B400A8265A /* CurrencyFormatterTests.swift */,
			);
			path = BankeyUnitTests;
			sourceTree = "<group>";
		};
/* End PBXGroup section */

/* Begin PBXNativeTarget section */
		522DE2A029A3E5CC0019C458 /* Bankey */ = {
			isa = PBXNativeTarget;
			buildConfigurationList = 522DE2B529A3E5CD0019C458 /* Build configuration list for PBXNativeTarget "Bankey" */;
			buildPhases = (
				522DE29D29A3E5CC0019C458 /* Sources */,
				522DE29E29A3E5CC0019C458 /* Frameworks */,
				522DE29F29A3E5CC0019C458 /* Resources */,
			);
			buildRules = (
			);
			dependencies = (
			);
			name = Bankey;
			productName = Bankey;
			productReference = 522DE2A129A3E5CC0019C458 /* Bankey.app */;
			productType = "com.apple.product-type.application";
		};
		52BD4FC929A518E500A8265A /* BankeyUnitTests */ = {
			isa = PBXNativeTarget;
			buildConfigurationList = 52BD4FD029A518E500A8265A /* Build configuration list for PBXNativeTarget "BankeyUnitTests" */;
			buildPhases = (
				52BD4FC629A518E500A8265A /* Sources */,
				52BD4FC729A518E500A8265A /* Frameworks */,
				52BD4FC829A518E500A8265A /* Resources */,
			);
			buildRules = (
			);
			dependencies = (
				52BD4FCF29A518E500A8265A /* PBXTargetDependency */,
			);
			name = BankeyUnitTests;
			productName = BankeyUnitTests;
			productReference = 52BD4FCA29A518E500A8265A /* BankeyUnitTests.xctest */;
			productType = "com.apple.product-type.bundle.unit-test";
		};
/* End PBXNativeTarget section */

/* Begin PBXProject section */
		522DE29929A3E5CC0019C458 /* Project object */ = {
			isa = PBXProject;
			attributes = {
				BuildIndependentTargetsInParallel = 1;
				LastSwiftUpdateCheck = 1420;
				LastUpgradeCheck = 1420;
				TargetAttributes = {
					522DE2A029A3E5CC0019C458 = {
						CreatedOnToolsVersion = 14.2;
					};
					52BD4FC929A518E500A8265A = {
						CreatedOnToolsVersion = 14.2;
						LastSwiftMigration = 1420;
						TestTargetID = 522DE2A029A3E5CC0019C458;
					};
				};
			};
			buildConfigurationList = 522DE29C29A3E5CC0019C458 /* Build configuration list for PBXProject "Bankey" */;
			compatibilityVersion = "Xcode 14.0";
			developmentRegion = en;
			hasScannedForEncodings = 0;
			knownRegions = (
				en,
				Base,
			);
			mainGroup = 522DE29829A3E5CC0019C458;
			productRefGroup = 522DE2A229A3E5CC0019C458 /* Products */;
			projectDirPath = "";
			projectRoot = "";
			targets = (
				522DE2A029A3E5CC0019C458 /* Bankey */,
				52BD4FC929A518E500A8265A /* BankeyUnitTests */,
			);
		};
/* End PBXProject section */

/* Begin PBXResourcesBuildPhase section */
		522DE29F29A3E5CC0019C458 /* Resources */ = {
			isa = PBXResourcesBuildPhase;
			buildActionMask = 2147483647;
			files = (
				522DE2D429A4EEB20019C458 /* AccountSummaryHeaderView.xib in Resources */,
				522DE2B129A3E5CD0019C458 /* LaunchScreen.storyboard in Resources */,
				522DE2AE29A3E5CD0019C458 /* Assets.xcassets in Resources */,
			);
			runOnlyForDeploymentPostprocessing = 0;
		};
		52BD4FC829A518E500A8265A /* Resources */ = {
			isa = PBXResourcesBuildPhase;
			buildActionMask = 2147483647;
			files = (
			);
			runOnlyForDeploymentPostprocessing = 0;
		};
/* End PBXResourcesBuildPhase section */

/* Begin PBXSourcesBuildPhase section */
		522DE29D29A3E5CC0019C458 /* Sources */ = {
			isa = PBXSourcesBuildPhase;
			buildActionMask = 2147483647;
			files = (
				522DE2CB29A425FE0019C458 /* UIViewController+Utils.swift in Sources */,
				5262FB7129AA2963001ADE5E /* Date+Utils.swift in Sources */,
				522DE2BE29A3EAB50019C458 /* LoginView.swift in Sources */,
				522DE2C829A4217A0019C458 /* LocalState.swift in Sources */,
				522DE2D229A4EE970019C458 /* AccountSummaryHeaderView.swift in Sources */,
				52C224F329A53C16005E08F7 /* UITextField+SecureToggle.swift in Sources */,
				522DE2C629A41C9F0019C458 /* DummyViewController.swift in Sources */,
				52BD4FC529A5126600A8265A /* CurrencyFormatter.swift in Sources */,
				525D982A29A8AE7000BADF81 /* ShakeBellView.swift in Sources */,
				522DE2A929A3E5CC0019C458 /* LoginViewController.swift in Sources */,
				52C224F129A53904005E08F7 /* NSNotificationName.swift in Sources */,
				52BD4FC329A5124600A8265A /* Decimal+Utils.swift in Sources */,
				52BD4FC129A4FA5100A8265A /* AccountSummaryCell.swift in Sources */,
				522DE2C329A40CB90019C458 /* OnboardingViewController.swift in Sources */,
				522DE2CD29A426DC0019C458 /* MainViewController.swift in Sources */,
				522DE2D029A4ED2E0019C458 /* AccountSummaryViewController.swift in Sources */,
				522DE2A529A3E5CC0019C458 /* AppDelegate.swift in Sources */,
				522DE2C129A404C40019C458 /* OnboardingContainerViewController.swift in Sources */,
				5262FB7329AA2A33001ADE5E /* AccountSummaryViewController+Networking.swift in Sources */,
			);
			runOnlyForDeploymentPostprocessing = 0;
		};
		52BD4FC629A518E500A8265A /* Sources */ = {
			isa = PBXSourcesBuildPhase;
			buildActionMask = 2147483647;
			files = (
				52BD4FD429A519B400A8265A /* CurrencyFormatterTests.swift in Sources */,
			);
			runOnlyForDeploymentPostprocessing = 0;
		};
/* End PBXSourcesBuildPhase section */

/* Begin PBXTargetDependency section */
		52BD4FCF29A518E500A8265A /* PBXTargetDependency */ = {
			isa = PBXTargetDependency;
			target = 522DE2A029A3E5CC0019C458 /* Bankey */;
			targetProxy = 52BD4FCE29A518E500A8265A /* PBXContainerItemProxy */;
		};
/* End PBXTargetDependency section */

/* Begin PBXVariantGroup section */
		522DE2AF29A3E5CD0019C458 /* LaunchScreen.storyboard */ = {
			isa = PBXVariantGroup;
			children = (
				522DE2B029A3E5CD0019C458 /* Base */,
			);
			name = LaunchScreen.storyboard;
			sourceTree = "<group>";
		};
/* End PBXVariantGroup section */

/* Begin XCBuildConfiguration section */
		522DE2B329A3E5CD0019C458 /* Debug */ = {
			isa = XCBuildConfiguration;
			buildSettings = {
				ALWAYS_SEARCH_USER_PATHS = NO;
				CLANG_ANALYZER_NONNULL = YES;
				CLANG_ANALYZER_NUMBER_OBJECT_CONVERSION = YES_AGGRESSIVE;
				CLANG_CXX_LANGUAGE_STANDARD = "gnu++20";
				CLANG_ENABLE_MODULES = YES;
				CLANG_ENABLE_OBJC_ARC = YES;
				CLANG_ENABLE_OBJC_WEAK = YES;
				CLANG_WARN_BLOCK_CAPTURE_AUTORELEASING = YES;
				CLANG_WARN_BOOL_CONVERSION = YES;
				CLANG_WARN_COMMA = YES;
				CLANG_WARN_CONSTANT_CONVERSION = YES;
				CLANG_WARN_DEPRECATED_OBJC_IMPLEMENTATIONS = YES;
				CLANG_WARN_DIRECT_OBJC_ISA_USAGE = YES_ERROR;
				CLANG_WARN_DOCUMENTATION_COMMENTS = YES;
				CLANG_WARN_EMPTY_BODY = YES;
				CLANG_WARN_ENUM_CONVERSION = YES;
				CLANG_WARN_INFINITE_RECURSION = YES;
				CLANG_WARN_INT_CONVERSION = YES;
				CLANG_WARN_NON_LITERAL_NULL_CONVERSION = YES;
				CLANG_WARN_OBJC_IMPLICIT_RETAIN_SELF = YES;
				CLANG_WARN_OBJC_LITERAL_CONVERSION = YES;
				CLANG_WARN_OBJC_ROOT_CLASS = YES_ERROR;
				CLANG_WARN_QUOTED_INCLUDE_IN_FRAMEWORK_HEADER = YES;
				CLANG_WARN_RANGE_LOOP_ANALYSIS = YES;
				CLANG_WARN_STRICT_PROTOTYPES = YES;
				CLANG_WARN_SUSPICIOUS_MOVE = YES;
				CLANG_WARN_UNGUARDED_AVAILABILITY = YES_AGGRESSIVE;
				CLANG_WARN_UNREACHABLE_CODE = YES;
				CLANG_WARN__DUPLICATE_METHOD_MATCH = YES;
				COPY_PHASE_STRIP = NO;
				DEBUG_INFORMATION_FORMAT = dwarf;
				ENABLE_STRICT_OBJC_MSGSEND = YES;
				ENABLE_TESTABILITY = YES;
				GCC_C_LANGUAGE_STANDARD = gnu11;
				GCC_DYNAMIC_NO_PIC = NO;
				GCC_NO_COMMON_BLOCKS = YES;
				GCC_OPTIMIZATION_LEVEL = 0;
				GCC_PREPROCESSOR_DEFINITIONS = (
					"DEBUG=1",
					"$(inherited)",
				);
				GCC_WARN_64_TO_32_BIT_CONVERSION = YES;
				GCC_WARN_ABOUT_RETURN_TYPE = YES_ERROR;
				GCC_WARN_UNDECLARED_SELECTOR = YES;
				GCC_WARN_UNINITIALIZED_AUTOS = YES_AGGRESSIVE;
				GCC_WARN_UNUSED_FUNCTION = YES;
				GCC_WARN_UNUSED_VARIABLE = YES;
				IPHONEOS_DEPLOYMENT_TARGET = 16.2;
				MTL_ENABLE_DEBUG_INFO = INCLUDE_SOURCE;
				MTL_FAST_MATH = YES;
				ONLY_ACTIVE_ARCH = YES;
				SDKROOT = iphoneos;
				SWIFT_ACTIVE_COMPILATION_CONDITIONS = DEBUG;
				SWIFT_OPTIMIZATION_LEVEL = "-Onone";
			};
			name = Debug;
		};
		522DE2B429A3E5CD0019C458 /* Release */ = {
			isa = XCBuildConfiguration;
			buildSettings = {
				ALWAYS_SEARCH_USER_PATHS = NO;
				CLANG_ANALYZER_NONNULL = YES;
				CLANG_ANALYZER_NUMBER_OBJECT_CONVERSION = YES_AGGRESSIVE;
				CLANG_CXX_LANGUAGE_STANDARD = "gnu++20";
				CLANG_ENABLE_MODULES = YES;
				CLANG_ENABLE_OBJC_ARC = YES;
				CLANG_ENABLE_OBJC_WEAK = YES;
				CLANG_WARN_BLOCK_CAPTURE_AUTORELEASING = YES;
				CLANG_WARN_BOOL_CONVERSION = YES;
				CLANG_WARN_COMMA = YES;
				CLANG_WARN_CONSTANT_CONVERSION = YES;
				CLANG_WARN_DEPRECATED_OBJC_IMPLEMENTATIONS = YES;
				CLANG_WARN_DIRECT_OBJC_ISA_USAGE = YES_ERROR;
				CLANG_WARN_DOCUMENTATION_COMMENTS = YES;
				CLANG_WARN_EMPTY_BODY = YES;
				CLANG_WARN_ENUM_CONVERSION = YES;
				CLANG_WARN_INFINITE_RECURSION = YES;
				CLANG_WARN_INT_CONVERSION = YES;
				CLANG_WARN_NON_LITERAL_NULL_CONVERSION = YES;
				CLANG_WARN_OBJC_IMPLICIT_RETAIN_SELF = YES;
				CLANG_WARN_OBJC_LITERAL_CONVERSION = YES;
				CLANG_WARN_OBJC_ROOT_CLASS = YES_ERROR;
				CLANG_WARN_QUOTED_INCLUDE_IN_FRAMEWORK_HEADER = YES;
				CLANG_WARN_RANGE_LOOP_ANALYSIS = YES;
				CLANG_WARN_STRICT_PROTOTYPES = YES;
				CLANG_WARN_SUSPICIOUS_MOVE = YES;
				CLANG_WARN_UNGUARDED_AVAILABILITY = YES_AGGRESSIVE;
				CLANG_WARN_UNREACHABLE_CODE = YES;
				CLANG_WARN__DUPLICATE_METHOD_MATCH = YES;
				COPY_PHASE_STRIP = NO;
				DEBUG_INFORMATION_FORMAT = "dwarf-with-dsym";
				ENABLE_NS_ASSERTIONS = NO;
				ENABLE_STRICT_OBJC_MSGSEND = YES;
				GCC_C_LANGUAGE_STANDARD = gnu11;
				GCC_NO_COMMON_BLOCKS = YES;
				GCC_WARN_64_TO_32_BIT_CONVERSION = YES;
				GCC_WARN_ABOUT_RETURN_TYPE = YES_ERROR;
				GCC_WARN_UNDECLARED_SELECTOR = YES;
				GCC_WARN_UNINITIALIZED_AUTOS = YES_AGGRESSIVE;
				GCC_WARN_UNUSED_FUNCTION = YES;
				GCC_WARN_UNUSED_VARIABLE = YES;
				IPHONEOS_DEPLOYMENT_TARGET = 16.2;
				MTL_ENABLE_DEBUG_INFO = NO;
				MTL_FAST_MATH = YES;
				SDKROOT = iphoneos;
				SWIFT_COMPILATION_MODE = wholemodule;
				SWIFT_OPTIMIZATION_LEVEL = "-O";
				VALIDATE_PRODUCT = YES;
			};
			name = Release;
		};
		522DE2B629A3E5CD0019C458 /* Debug */ = {
			isa = XCBuildConfiguration;
			buildSettings = {
				ASSETCATALOG_COMPILER_APPICON_NAME = AppIcon;
				ASSETCATALOG_COMPILER_GLOBAL_ACCENT_COLOR_NAME = AccentColor;
				CODE_SIGN_STYLE = Automatic;
				CURRENT_PROJECT_VERSION = 1;
				DEVELOPMENT_TEAM = 592GN4T7BY;
				GENERATE_INFOPLIST_FILE = YES;
				INFOPLIST_FILE = Bankey/Info.plist;
				INFOPLIST_KEY_UIApplicationSupportsIndirectInputEvents = YES;
				INFOPLIST_KEY_UILaunchStoryboardName = LaunchScreen;
				INFOPLIST_KEY_UISupportedInterfaceOrientations_iPad = "UIInterfaceOrientationPortrait UIInterfaceOrientationPortraitUpsideDown UIInterfaceOrientationLandscapeLeft UIInterfaceOrientationLandscapeRight";
				INFOPLIST_KEY_UISupportedInterfaceOrientations_iPhone = "UIInterfaceOrientationPortrait UIInterfaceOrientationLandscapeLeft UIInterfaceOrientationLandscapeRight";
				LD_RUNPATH_SEARCH_PATHS = (
					"$(inherited)",
					"@executable_path/Frameworks",
				);
				MARKETING_VERSION = 1.0;
				PRODUCT_BUNDLE_IDENTIFIER = io.sapar.Bankey;
				PRODUCT_NAME = "$(TARGET_NAME)";
				SWIFT_EMIT_LOC_STRINGS = YES;
				SWIFT_VERSION = 5.0;
				TARGETED_DEVICE_FAMILY = "1,2";
			};
			name = Debug;
		};
		522DE2B729A3E5CD0019C458 /* Release */ = {
			isa = XCBuildConfiguration;
			buildSettings = {
				ASSETCATALOG_COMPILER_APPICON_NAME = AppIcon;
				ASSETCATALOG_COMPILER_GLOBAL_ACCENT_COLOR_NAME = AccentColor;
				CODE_SIGN_STYLE = Automatic;
				CURRENT_PROJECT_VERSION = 1;
				DEVELOPMENT_TEAM = 592GN4T7BY;
				GENERATE_INFOPLIST_FILE = YES;
				INFOPLIST_FILE = Bankey/Info.plist;
				INFOPLIST_KEY_UIApplicationSupportsIndirectInputEvents = YES;
				INFOPLIST_KEY_UILaunchStoryboardName = LaunchScreen;
				INFOPLIST_KEY_UISupportedInterfaceOrientations_iPad = "UIInterfaceOrientationPortrait UIInterfaceOrientationPortraitUpsideDown UIInterfaceOrientationLandscapeLeft UIInterfaceOrientationLandscapeRight";
				INFOPLIST_KEY_UISupportedInterfaceOrientations_iPhone = "UIInterfaceOrientationPortrait UIInterfaceOrientationLandscapeLeft UIInterfaceOrientationLandscapeRight";
				LD_RUNPATH_SEARCH_PATHS = (
					"$(inherited)",
					"@executable_path/Frameworks",
				);
				MARKETING_VERSION = 1.0;
				PRODUCT_BUNDLE_IDENTIFIER = io.sapar.Bankey;
				PRODUCT_NAME = "$(TARGET_NAME)";
				SWIFT_EMIT_LOC_STRINGS = YES;
				SWIFT_VERSION = 5.0;
				TARGETED_DEVICE_FAMILY = "1,2";
			};
			name = Release;
		};
		52BD4FD129A518E500A8265A /* Debug */ = {
			isa = XCBuildConfiguration;
			buildSettings = {
				BUNDLE_LOADER = "$(TEST_HOST)";
				CLANG_ENABLE_MODULES = YES;
				CODE_SIGN_STYLE = Automatic;
				CURRENT_PROJECT_VERSION = 1;
				DEVELOPMENT_TEAM = 592GN4T7BY;
				GENERATE_INFOPLIST_FILE = YES;
				LD_RUNPATH_SEARCH_PATHS = (
					"$(inherited)",
					"@executable_path/Frameworks",
					"@loader_path/Frameworks",
				);
				MARKETING_VERSION = 1.0;
				PRODUCT_BUNDLE_IDENTIFIER = io.sapar.BankeyUnitTests;
				PRODUCT_NAME = "$(TARGET_NAME)";
				SWIFT_EMIT_LOC_STRINGS = NO;
				SWIFT_OPTIMIZATION_LEVEL = "-Onone";
				SWIFT_VERSION = 5.0;
				TARGETED_DEVICE_FAMILY = "1,2";
				TEST_HOST = "$(BUILT_PRODUCTS_DIR)/Bankey.app/$(BUNDLE_EXECUTABLE_FOLDER_PATH)/Bankey";
			};
			name = Debug;
		};
		52BD4FD229A518E500A8265A /* Release */ = {
			isa = XCBuildConfiguration;
			buildSettings = {
				BUNDLE_LOADER = "$(TEST_HOST)";
				CLANG_ENABLE_MODULES = YES;
				CODE_SIGN_STYLE = Automatic;
				CURRENT_PROJECT_VERSION = 1;
				DEVELOPMENT_TEAM = 592GN4T7BY;
				GENERATE_INFOPLIST_FILE = YES;
				LD_RUNPATH_SEARCH_PATHS = (
					"$(inherited)",
					"@executable_path/Frameworks",
					"@loader_path/Frameworks",
				);
				MARKETING_VERSION = 1.0;
				PRODUCT_BUNDLE_IDENTIFIER = io.sapar.BankeyUnitTests;
				PRODUCT_NAME = "$(TARGET_NAME)";
				SWIFT_EMIT_LOC_STRINGS = NO;
				SWIFT_VERSION = 5.0;
				TARGETED_DEVICE_FAMILY = "1,2";
				TEST_HOST = "$(BUILT_PRODUCTS_DIR)/Bankey.app/$(BUNDLE_EXECUTABLE_FOLDER_PATH)/Bankey";
			};
			name = Release;
		};
/* End XCBuildConfiguration section */

/* Begin XCConfigurationList section */
		522DE29C29A3E5CC0019C458 /* Build configuration list for PBXProject "Bankey" */ = {
			isa = XCConfigurationList;
			buildConfigurations = (
				522DE2B329A3E5CD0019C458 /* Debug */,
				522DE2B429A3E5CD0019C458 /* Release */,
			);
			defaultConfigurationIsVisible = 0;
			defaultConfigurationName = Release;
		};
		522DE2B529A3E5CD0019C458 /* Build configuration list for PBXNativeTarget "Bankey" */ = {
			isa = XCConfigurationList;
			buildConfigurations = (
				522DE2B629A3E5CD0019C458 /* Debug */,
				522DE2B729A3E5CD0019C458 /* Release */,
			);
			defaultConfigurationIsVisible = 0;
			defaultConfigurationName = Release;
		};
		52BD4FD029A518E500A8265A /* Build configuration list for PBXNativeTarget "BankeyUnitTests" */ = {
			isa = XCConfigurationList;
			buildConfigurations = (
				52BD4FD129A518E500A8265A /* Debug */,
				52BD4FD229A518E500A8265A /* Release */,
			);
			defaultConfigurationIsVisible = 0;
			defaultConfigurationName = Release;
		};
/* End XCConfigurationList section */
	};
	rootObject = 522DE29929A3E5CC0019C458 /* Project object */;
}
